
Microsoft Visual Studio Solution File, Format Version 12.00
# Visual Studio 15
VisualStudioVersion = 15.0.27130.2010
MinimumVisualStudioVersion = 10.0.40219.1
Project("{888888A0-9F3D-457C-B088-3A5042F75D52}") = "game21", "game21\game21.pyproj", "{A2036063-C67C-4A36-81B3-EB6A1FD1BA25}"
EndProject
Global
	GlobalSection(SolutionConfigurationPlatforms) = preSolution
		Debug|Any CPU = Debug|Any CPU
		Release|Any CPU = Release|Any CPU
	EndGlobalSection
	GlobalSection(ProjectConfigurationPlatforms) = postSolution
		{A2036063-C67C-4A36-81B3-EB6A1FD1BA25}.Debug|Any CPU.ActiveCfg = Debug|Any CPU
		{A2036063-C67C-4A36-81B3-EB6A1FD1BA25}.Release|Any CPU.ActiveCfg = Release|Any CPU
	EndGlobalSection
	GlobalSection(SolutionProperties) = preSolution
		HideSolutionNode = FALSE
	EndGlobalSection
	GlobalSection(ExtensibilityGlobals) = postSolution
		SolutionGuid = {9D33D932-55DB-4624-9D41-40FD7C9BCBE4}
	EndGlobalSection
EndGlobal
